
Microsoft Visual Studio Solution File, Format Version 12.00
# Visual Studio Version 16
VisualStudioVersion = 16.0.30517.126
MinimumVisualStudioVersion = 10.0.40219.1
Project("{8BC9CEB8-8B4A-11D0-8D11-00A0C91BC942}") = "Program13_discount", "Program13_discount\Program13_discount.vcxproj", "{57802F0C-EDBB-4EA5-A4B6-4E9CD645D1D5}"
EndProject
Global
	GlobalSection(SolutionConfigurationPlatforms) = preSolution
		Debug|x64 = Debug|x64
		Debug|x86 = Debug|x86
		Release|x64 = Release|x64
		Release|x86 = Release|x86
	EndGlobalSection
	GlobalSection(ProjectConfigurationPlatforms) = postSolution
		{57802F0C-EDBB-4EA5-A4B6-4E9CD645D1D5}.Debug|x64.ActiveCfg = Debug|x64
		{57802F0C-EDBB-4EA5-A4B6-4E9CD645D1D5}.Debug|x64.Build.0 = Debug|x64
		{57802F0C-EDBB-4EA5-A4B6-4E9CD645D1D5}.Debug|x86.ActiveCfg = Debug|Win32
		{57802F0C-EDBB-4EA5-A4B6-4E9CD645D1D5}.Debug|x86.Build.0 = Debug|Win32
		{57802F0C-EDBB-4EA5-A4B6-4E9CD645D1D5}.Release|x64.ActiveCfg = Release|x64
		{57802F0C-EDBB-4EA5-A4B6-4E9CD645D1D5}.Release|x64.Build.0 = Release|x64
		{57802F0C-EDBB-4EA5-A4B6-4E9CD645D1D5}.Release|x86.ActiveCfg = Release|Win32
		{57802F0C-EDBB-4EA5-A4B6-4E9CD645D1D5}.Release|x86.Build.0 = Release|Win32
	EndGlobalSection
	GlobalSection(SolutionProperties) = preSolution
		HideSolutionNode = FALSE
	EndGlobalSection
	GlobalSection(ExtensibilityGlobals) = postSolution
		SolutionGuid = {8352609E-A77C-4B73-8D95-CC5B7FA72E10}
	EndGlobalSection
EndGlobal
